
Microsoft Visual Studio Solution File, Format Version 11.00
# Visual Studio 2010
Project("{FAE04EC0-301F-11D3-BF4B-00C04F79EFBC}") = "ARCAT_version1", "Assembly-CSharp.csproj", "{75475C0F-7492-7FE7-33D2-257807049749}"
EndProject
Project("{FAE04EC0-301F-11D3-BF4B-00C04F79EFBC}") = "ARCAT_version1", "Assembly-CSharp-firstpass.csproj", "{B08EB274-8618-3C20-70F4-C213C9F9EC9B}"
EndProject
Project("{FAE04EC0-301F-11D3-BF4B-00C04F79EFBC}") = "ARCAT_version1", "Assembly-CSharp-Editor-firstpass.csproj", "{D377DEF2-BD88-A840-2DEB-BAB155787095}"
EndProject
Project("{FAE04EC0-301F-11D3-BF4B-00C04F79EFBC}") = "ARCAT_version1", "Assembly-CSharp-Editor.csproj", "{BC714060-D5A7-4B34-4A54-6F8D4318BFA7}"
EndProject
Global
	GlobalSection(SolutionConfigurationPlatforms) = preSolution
		Debug|Any CPU = Debug|Any CPU
		Release|Any CPU = Release|Any CPU
	EndGlobalSection
	GlobalSection(ProjectConfigurationPlatforms) = postSolution
		{75475C0F-7492-7FE7-33D2-257807049749}.Debug|Any CPU.ActiveCfg = Debug|Any CPU
		{75475C0F-7492-7FE7-33D2-257807049749}.Debug|Any CPU.Build.0 = Debug|Any CPU
		{75475C0F-7492-7FE7-33D2-257807049749}.Release|Any CPU.ActiveCfg = Release|Any CPU
		{75475C0F-7492-7FE7-33D2-257807049749}.Release|Any CPU.Build.0 = Release|Any CPU
		{B08EB274-8618-3C20-70F4-C213C9F9EC9B}.Debug|Any CPU.ActiveCfg = Debug|Any CPU
		{B08EB274-8618-3C20-70F4-C213C9F9EC9B}.Debug|Any CPU.Build.0 = Debug|Any CPU
		{B08EB274-8618-3C20-70F4-C213C9F9EC9B}.Release|Any CPU.ActiveCfg = Release|Any CPU
		{B08EB274-8618-3C20-70F4-C213C9F9EC9B}.Release|Any CPU.Build.0 = Release|Any CPU
		{D377DEF2-BD88-A840-2DEB-BAB155787095}.Debug|Any CPU.ActiveCfg = Debug|Any CPU
		{D377DEF2-BD88-A840-2DEB-BAB155787095}.Debug|Any CPU.Build.0 = Debug|Any CPU
		{D377DEF2-BD88-A840-2DEB-BAB155787095}.Release|Any CPU.ActiveCfg = Release|Any CPU
		{D377DEF2-BD88-A840-2DEB-BAB155787095}.Release|Any CPU.Build.0 = Release|Any CPU
		{BC714060-D5A7-4B34-4A54-6F8D4318BFA7}.Debug|Any CPU.ActiveCfg = Debug|Any CPU
		{BC714060-D5A7-4B34-4A54-6F8D4318BFA7}.Debug|Any CPU.Build.0 = Debug|Any CPU
		{BC714060-D5A7-4B34-4A54-6F8D4318BFA7}.Release|Any CPU.ActiveCfg = Release|Any CPU
		{BC714060-D5A7-4B34-4A54-6F8D4318BFA7}.Release|Any CPU.Build.0 = Release|Any CPU
	EndGlobalSection
	GlobalSection(SolutionProperties) = preSolution
		HideSolutionNode = FALSE
	EndGlobalSection
	GlobalSection(MonoDevelopProperties) = preSolution
		StartupItem = Assembly-CSharp.csproj
	EndGlobalSection
EndGlobal
